
Microsoft Visual Studio Solution File, Format Version 12.00
# Visual Studio Version 17
VisualStudioVersion = 17.0.31903.59
MinimumVisualStudioVersion = 10.0.40219.1
Project("{FAE04EC0-301F-11D3-BF4B-00C04F79EFBC}") = "IntCollections", "IntCollections\IntCollections.csproj", "{8C84D62A-796C-4AE3-BC69-1323490F06CB}"
EndProject
Project("{FAE04EC0-301F-11D3-BF4B-00C04F79EFBC}") = "EqualPlayer", "EqualPlayer\EqualPlayer.csproj", "{7C37355A-4D71-4D75-A276-0E62687FFF1F}"
EndProject
Project("{FAE04EC0-301F-11D3-BF4B-00C04F79EFBC}") = "FilePower1", "FilePower1\FilePower1.csproj", "{2B2CA2E6-92EF-45C7-B5AF-51612FF7EDFF}"
EndProject
Project("{FAE04EC0-301F-11D3-BF4B-00C04F79EFBC}") = "FilePower2", "FilePower2\FilePower2.csproj", "{DDBD1AC1-FAD8-4391-A1B2-1EF1B5B32E2C}"
EndProject
Global
	GlobalSection(SolutionConfigurationPlatforms) = preSolution
		Debug|Any CPU = Debug|Any CPU
		Release|Any CPU = Release|Any CPU
	EndGlobalSection
	GlobalSection(SolutionProperties) = preSolution
		HideSolutionNode = FALSE
	EndGlobalSection
	GlobalSection(ProjectConfigurationPlatforms) = postSolution
		{8C84D62A-796C-4AE3-BC69-1323490F06CB}.Debug|Any CPU.ActiveCfg = Debug|Any CPU
		{8C84D62A-796C-4AE3-BC69-1323490F06CB}.Debug|Any CPU.Build.0 = Debug|Any CPU
		{8C84D62A-796C-4AE3-BC69-1323490F06CB}.Release|Any CPU.ActiveCfg = Release|Any CPU
		{8C84D62A-796C-4AE3-BC69-1323490F06CB}.Release|Any CPU.Build.0 = Release|Any CPU
		{7C37355A-4D71-4D75-A276-0E62687FFF1F}.Debug|Any CPU.ActiveCfg = Debug|Any CPU
		{7C37355A-4D71-4D75-A276-0E62687FFF1F}.Debug|Any CPU.Build.0 = Debug|Any CPU
		{7C37355A-4D71-4D75-A276-0E62687FFF1F}.Release|Any CPU.ActiveCfg = Release|Any CPU
		{7C37355A-4D71-4D75-A276-0E62687FFF1F}.Release|Any CPU.Build.0 = Release|Any CPU
		{2B2CA2E6-92EF-45C7-B5AF-51612FF7EDFF}.Debug|Any CPU.ActiveCfg = Debug|Any CPU
		{2B2CA2E6-92EF-45C7-B5AF-51612FF7EDFF}.Debug|Any CPU.Build.0 = Debug|Any CPU
		{2B2CA2E6-92EF-45C7-B5AF-51612FF7EDFF}.Release|Any CPU.ActiveCfg = Release|Any CPU
		{2B2CA2E6-92EF-45C7-B5AF-51612FF7EDFF}.Release|Any CPU.Build.0 = Release|Any CPU
		{DDBD1AC1-FAD8-4391-A1B2-1EF1B5B32E2C}.Debug|Any CPU.ActiveCfg = Debug|Any CPU
		{DDBD1AC1-FAD8-4391-A1B2-1EF1B5B32E2C}.Debug|Any CPU.Build.0 = Debug|Any CPU
		{DDBD1AC1-FAD8-4391-A1B2-1EF1B5B32E2C}.Release|Any CPU.ActiveCfg = Release|Any CPU
		{DDBD1AC1-FAD8-4391-A1B2-1EF1B5B32E2C}.Release|Any CPU.Build.0 = Release|Any CPU
	EndGlobalSection
EndGlobal
